version: 1.0
shards:
  exception_page:
    github: crystal-loot/exception_page
    version: 0.1.1

  kemal:
    github: kemalcr/kemal
    version: 0.25.1

  kilt:
    github: jeromegn/kilt
    version: 0.4.0

  mongo:
    github: sam0x17/mongo.cr
    commit: 8b802a4e9e5373b300375c966c22a62199bbdf2d

  mongo_orm:
    github: sam0x17/mongo_orm
    commit: fa630a7d8649ffcc90a9fd8845c20edeefdc0dcb

  radix:
    github: luislavena/radix
    version: 0.3.9

  sentry:
    github: samueleaton/sentry
    commit: 5e0cbde5a33f6b9f400ce7784f13817754e44c66

  sentry-run:
    github: faustinoaq/sentry-run
    version: 0.3.0

